
Microsoft Visual Studio Solution File, Format Version 12.00
# Visual Studio Version 16
VisualStudioVersion = 16.0.30711.63
MinimumVisualStudioVersion = 10.0.40219.1
Project("{FAE04EC0-301F-11D3-BF4B-00C04F79EFBC}") = "lab-anemic-domain-model", "lab-anemic-domain-model.csproj", "{46F762B3-4311-4569-B6F7-257043CD2D77}"
EndProject
Global
	GlobalSection(SolutionConfigurationPlatforms) = preSolution
		Debug|Any CPU = Debug|Any CPU
		Release|Any CPU = Release|Any CPU
	EndGlobalSection
	GlobalSection(ProjectConfigurationPlatforms) = postSolution
		{46F762B3-4311-4569-B6F7-257043CD2D77}.Debug|Any CPU.ActiveCfg = Debug|Any CPU
		{46F762B3-4311-4569-B6F7-257043CD2D77}.Debug|Any CPU.Build.0 = Debug|Any CPU
		{46F762B3-4311-4569-B6F7-257043CD2D77}.Release|Any CPU.ActiveCfg = Release|Any CPU
		{46F762B3-4311-4569-B6F7-257043CD2D77}.Release|Any CPU.Build.0 = Release|Any CPU
	EndGlobalSection
	GlobalSection(SolutionProperties) = preSolution
		HideSolutionNode = FALSE
	EndGlobalSection
	GlobalSection(ExtensibilityGlobals) = postSolution
		SolutionGuid = {1B3C7851-93BA-4C73-B553-872035A630DA}
	EndGlobalSection
EndGlobal
